// !$*UTF8*$!
{
	archiveVersion = 1;
	classes = {
	};
	objectVersion = 51;
	objects = {

/* Begin PBXBuildFile section */
		2379C92E23EC72A40094D6A8 /* AppDelegate.swift in Sources */ = {isa = PBXBuildFile; fileRef = 2379C92D23EC72A40094D6A8 /* AppDelegate.swift */; };
		2379C93023EC72A40094D6A8 /* SceneDelegate.swift in Sources */ = {isa = PBXBuildFile; fileRef = 2379C92F23EC72A40094D6A8 /* SceneDelegate.swift */; };
		2379C93223EC72A40094D6A8 /* ContentView.swift in Sources */ = {isa = PBXBuildFile; fileRef = 2379C93123EC72A40094D6A8 /* ContentView.swift */; };
		2379C93423EC72A50094D6A8 /* Assets.xcassets in Resources */ = {isa = PBXBuildFile; fileRef = 2379C93323EC72A50094D6A8 /* Assets.xcassets */; };
		2379C93723EC72A50094D6A8 /* Preview Assets.xcassets in Resources */ = {isa = PBXBuildFile; fileRef = 2379C93623EC72A50094D6A8 /* Preview Assets.xcassets */; };
		2379C93A23EC72A50094D6A8 /* LaunchScreen.storyboard in Resources */ = {isa = PBXBuildFile; fileRef = 2379C93823EC72A50094D6A8 /* LaunchScreen.storyboard */; };
		23883F0823F233ED0037FC5C /* SignInWithApple.swift in Sources */ = {isa = PBXBuildFile; fileRef = 23883F0723F233ED0037FC5C /* SignInWithApple.swift */; };
		23883F0A23F23DAF0037FC5C /* SigninWithAppleDelegates.swift in Sources */ = {isa = PBXBuildFile; fileRef = 23883F0923F23DAF0037FC5C /* SigninWithAppleDelegates.swift */; };
		23A1507D23EF214700B9316E /* SignUp.swift in Sources */ = {isa = PBXBuildFile; fileRef = 23A1507C23EF214700B9316E /* SignUp.swift */; };
		23C7158723EC99C200BE1A9C /* User.swift in Sources */ = {isa = PBXBuildFile; fileRef = 23C7158623EC99C200BE1A9C /* User.swift */; };
		23C7158923EC9B6700BE1A9C /* FirebaseSession.swift in Sources */ = {isa = PBXBuildFile; fileRef = 23C7158823EC9B6700BE1A9C /* FirebaseSession.swift */; };
		23C7158B23ECDE2200BE1A9C /* Default-568h@2x.png in Resources */ = {isa = PBXBuildFile; fileRef = 23C7158A23ECDE2200BE1A9C /* Default-568h@2x.png */; };
		23C7158D23ECE2D100BE1A9C /* LoginView.swift in Sources */ = {isa = PBXBuildFile; fileRef = 23C7158C23ECE2D100BE1A9C /* LoginView.swift */; };
		23DA193923EC7C0A0053BB9C /* GoogleService-Info.plist in Resources */ = {isa = PBXBuildFile; fileRef = 23DA193823EC7C0A0053BB9C /* GoogleService-Info.plist */; };
		23FD6A1423F24DC000017C1C /* UserData.swift in Sources */ = {isa = PBXBuildFile; fileRef = 23FD6A1023F24DC000017C1C /* UserData.swift */; };
		23FD6A1523F24DC000017C1C /* Keychain.swift in Sources */ = {isa = PBXBuildFile; fileRef = 23FD6A1123F24DC000017C1C /* Keychain.swift */; };
		23FD6A1623F24DC000017C1C /* SharedWebCredential.swift in Sources */ = {isa = PBXBuildFile; fileRef = 23FD6A1223F24DC000017C1C /* SharedWebCredential.swift */; };
		23FD6A1723F24DC000017C1C /* UserDataKeychain.swift in Sources */ = {isa = PBXBuildFile; fileRef = 23FD6A1323F24DC000017C1C /* UserDataKeychain.swift */; };
		23FD6A1923F24E7B00017C1C /* WebApi.swift in Sources */ = {isa = PBXBuildFile; fileRef = 23FD6A1823F24E7B00017C1C /* WebApi.swift */; };
		23FD6A1B23F2550C00017C1C /* EnvironmentWindowKey.swift in Sources */ = {isa = PBXBuildFile; fileRef = 23FD6A1A23F2550C00017C1C /* EnvironmentWindowKey.swift */; };
		9984A68AEA2E70A5E9F8EFC9 /* libPods-JustGroceries.a in Frameworks */ = {isa = PBXBuildFile; fileRef = ACEED604202FC5393B0254BD /* libPods-JustGroceries.a */; };
/* End PBXBuildFile section */

/* Begin PBXFileReference section */
		2379C92A23EC72A40094D6A8 /* JustGroceries.app */ = {isa = PBXFileReference; explicitFileType = wrapper.application; includeInIndex = 0; path = JustGroceries.app; sourceTree = BUILT_PRODUCTS_DIR; };
		2379C92D23EC72A40094D6A8 /* AppDelegate.swift */ = {isa = PBXFileReference; lastKnownFileType = sourcecode.swift; path = AppDelegate.swift; sourceTree = "<group>"; };
		2379C92F23EC72A40094D6A8 /* SceneDelegate.swift */ = {isa = PBXFileReference; lastKnownFileType = sourcecode.swift; path = SceneDelegate.swift; sourceTree = "<group>"; };
		2379C93123EC72A40094D6A8 /* ContentView.swift */ = {isa = PBXFileReference; lastKnownFileType = sourcecode.swift; path = ContentView.swift; sourceTree = "<group>"; };
		2379C93323EC72A50094D6A8 /* Assets.xcassets */ = {isa = PBXFileReference; lastKnownFileType = folder.assetcatalog; path = Assets.xcassets; sourceTree = "<group>"; };
		2379C93623EC72A50094D6A8 /* Preview Assets.xcassets */ = {isa = PBXFileReference; lastKnownFileType = folder.assetcatalog; path = "Preview Assets.xcassets"; sourceTree = "<group>"; };
		2379C93923EC72A50094D6A8 /* Base */ = {isa = PBXFileReference; lastKnownFileType = file.storyboard; name = Base; path = Base.lproj/LaunchScreen.storyboard; sourceTree = "<group>"; };
		2379C93B23EC72A50094D6A8 /* Info.plist */ = {isa = PBXFileReference; lastKnownFileType = text.plist.xml; path = Info.plist; sourceTree = "<group>"; };
		23883F0623F09EB40037FC5C /* JustGroceries.entitlements */ = {isa = PBXFileReference; lastKnownFileType = text.plist.entitlements; path = JustGroceries.entitlements; sourceTree = "<group>"; };
		23883F0723F233ED0037FC5C /* SignInWithApple.swift */ = {isa = PBXFileReference; lastKnownFileType = sourcecode.swift; path = SignInWithApple.swift; sourceTree = "<group>"; };
		23883F0923F23DAF0037FC5C /* SigninWithAppleDelegates.swift */ = {isa = PBXFileReference; lastKnownFileType = sourcecode.swift; path = SigninWithAppleDelegates.swift; sourceTree = "<group>"; };
		23A1507C23EF214700B9316E /* SignUp.swift */ = {isa = PBXFileReference; lastKnownFileType = sourcecode.swift; name = SignUp.swift; path = JustGroceries/Models/SignUp.swift; sourceTree = SOURCE_ROOT; };
		23C7158623EC99C200BE1A9C /* User.swift */ = {isa = PBXFileReference; lastKnownFileType = sourcecode.swift; path = User.swift; sourceTree = "<group>"; };
		23C7158823EC9B6700BE1A9C /* FirebaseSession.swift */ = {isa = PBXFileReference; lastKnownFileType = sourcecode.swift; path = FirebaseSession.swift; sourceTree = "<group>"; };
		23C7158A23ECDE2200BE1A9C /* Default-568h@2x.png */ = {isa = PBXFileReference; lastKnownFileType = image.png; path = "Default-568h@2x.png"; sourceTree = "<group>"; };
		23C7158C23ECE2D100BE1A9C /* LoginView.swift */ = {isa = PBXFileReference; lastKnownFileType = sourcecode.swift; path = LoginView.swift; sourceTree = "<group>"; };
		23DA193823EC7C0A0053BB9C /* GoogleService-Info.plist */ = {isa = PBXFileReference; fileEncoding = 4; lastKnownFileType = text.plist.xml; path = "GoogleService-Info.plist"; sourceTree = "<group>"; };
		23FD6A1023F24DC000017C1C /* UserData.swift */ = {isa = PBXFileReference; fileEncoding = 4; lastKnownFileType = sourcecode.swift; path = UserData.swift; sourceTree = "<group>"; };
		23FD6A1123F24DC000017C1C /* Keychain.swift */ = {isa = PBXFileReference; fileEncoding = 4; lastKnownFileType = sourcecode.swift; path = Keychain.swift; sourceTree = "<group>"; };
		23FD6A1223F24DC000017C1C /* SharedWebCredential.swift */ = {isa = PBXFileReference; fileEncoding = 4; lastKnownFileType = sourcecode.swift; path = SharedWebCredential.swift; sourceTree = "<group>"; };
		23FD6A1323F24DC000017C1C /* UserDataKeychain.swift */ = {isa = PBXFileReference; fileEncoding = 4; lastKnownFileType = sourcecode.swift; path = UserDataKeychain.swift; sourceTree = "<group>"; };
		23FD6A1823F24E7B00017C1C /* WebApi.swift */ = {isa = PBXFileReference; fileEncoding = 4; lastKnownFileType = sourcecode.swift; path = WebApi.swift; sourceTree = "<group>"; };
		23FD6A1A23F2550C00017C1C /* EnvironmentWindowKey.swift */ = {isa = PBXFileReference; fileEncoding = 4; lastKnownFileType = sourcecode.swift; path = EnvironmentWindowKey.swift; sourceTree = "<group>"; };
		4F9107873AED9E61EC5A0076 /* Pods-JustGroceries.release.xcconfig */ = {isa = PBXFileReference; includeInIndex = 1; lastKnownFileType = text.xcconfig; name = "Pods-JustGroceries.release.xcconfig"; path = "Target Support Files/Pods-JustGroceries/Pods-JustGroceries.release.xcconfig"; sourceTree = "<group>"; };
		ACEED604202FC5393B0254BD /* libPods-JustGroceries.a */ = {isa = PBXFileReference; explicitFileType = archive.ar; includeInIndex = 0; path = "libPods-JustGroceries.a"; sourceTree = BUILT_PRODUCTS_DIR; };
		DB96408318900099C54B052D /* Pods-JustGroceries.debug.xcconfig */ = {isa = PBXFileReference; includeInIndex = 1; lastKnownFileType = text.xcconfig; name = "Pods-JustGroceries.debug.xcconfig"; path = "Target Support Files/Pods-JustGroceries/Pods-JustGroceries.debug.xcconfig"; sourceTree = "<group>"; };
/* End PBXFileReference section */

/* Begin PBXFrameworksBuildPhase section */
		2379C92723EC72A40094D6A8 /* Frameworks */ = {
			isa = PBXFrameworksBuildPhase;
			buildActionMask = 2147483647;
			files = (
				9984A68AEA2E70A5E9F8EFC9 /* libPods-JustGroceries.a in Frameworks */,
			);
			runOnlyForDeploymentPostprocessing = 0;
		};
/* End PBXFrameworksBuildPhase section */

/* Begin PBXGroup section */
		2379C92123EC72A40094D6A8 = {
			isa = PBXGroup;
			children = (
				23C7158A23ECDE2200BE1A9C /* Default-568h@2x.png */,
				2379C92C23EC72A40094D6A8 /* JustGroceries */,
				2379C92B23EC72A40094D6A8 /* Products */,
				B79E0EE478047077548E632D /* Pods */,
				C405B16B668304EA96E42200 /* Frameworks */,
			);
			sourceTree = "<group>";
		};
		2379C92B23EC72A40094D6A8 /* Products */ = {
			isa = PBXGroup;
			children = (
				2379C92A23EC72A40094D6A8 /* JustGroceries.app */,
			);
			name = Products;
			sourceTree = "<group>";
		};
		2379C92C23EC72A40094D6A8 /* JustGroceries */ = {
			isa = PBXGroup;
			children = (
				23883F0623F09EB40037FC5C /* JustGroceries.entitlements */,
				2379C93B23EC72A50094D6A8 /* Info.plist */,
				23DA193823EC7C0A0053BB9C /* GoogleService-Info.plist */,
				23C7158223EC992000BE1A9C /* Main */,
				23C7158323EC994C00BE1A9C /* Views */,
				23C7158523EC999D00BE1A9C /* Models */,
				23883F0B23F23DE90037FC5C /* Security */,
				23FD6A0F23F24D8500017C1C /* CredentialStorage */,
				23C7158423EC997400BE1A9C /* assets */,
				2379C93523EC72A50094D6A8 /* Preview Content */,
			);
			path = JustGroceries;
			sourceTree = "<group>";
		};
		2379C93523EC72A50094D6A8 /* Preview Content */ = {
			isa = PBXGroup;
			children = (
				2379C93623EC72A50094D6A8 /* Preview Assets.xcassets */,
			);
			path = "Preview Content";
			sourceTree = "<group>";
		};
		23883F0B23F23DE90037FC5C /* Security */ = {
			isa = PBXGroup;
			children = (
				23883F0923F23DAF0037FC5C /* SigninWithAppleDelegates.swift */,
			);
			path = Security;
			sourceTree = "<group>";
		};
		23C7158223EC992000BE1A9C /* Main */ = {
			isa = PBXGroup;
			children = (
				2379C93823EC72A50094D6A8 /* LaunchScreen.storyboard */,
				2379C92F23EC72A40094D6A8 /* SceneDelegate.swift */,
				2379C92D23EC72A40094D6A8 /* AppDelegate.swift */,
			);
			path = Main;
			sourceTree = "<group>";
		};
		23C7158323EC994C00BE1A9C /* Views */ = {
			isa = PBXGroup;
			children = (
				23A1507C23EF214700B9316E /* SignUp.swift */,
				2379C93123EC72A40094D6A8 /* ContentView.swift */,
				23C7158C23ECE2D100BE1A9C /* LoginView.swift */,
				23883F0723F233ED0037FC5C /* SignInWithApple.swift */,
			);
			path = Views;
			sourceTree = "<group>";
		};
		23C7158423EC997400BE1A9C /* assets */ = {
			isa = PBXGroup;
			children = (
				2379C93323EC72A50094D6A8 /* Assets.xcassets */,
			);
			path = assets;
			sourceTree = "<group>";
		};
		23C7158523EC999D00BE1A9C /* Models */ = {
			isa = PBXGroup;
			children = (
				23C7158623EC99C200BE1A9C /* User.swift */,
				23C7158823EC9B6700BE1A9C /* FirebaseSession.swift */,
			);
			path = Models;
			sourceTree = "<group>";
		};
		23FD6A0F23F24D8500017C1C /* CredentialStorage */ = {
			isa = PBXGroup;
			children = (
				23FD6A1A23F2550C00017C1C /* EnvironmentWindowKey.swift */,
				23FD6A1823F24E7B00017C1C /* WebApi.swift */,
				23FD6A1123F24DC000017C1C /* Keychain.swift */,
				23FD6A1223F24DC000017C1C /* SharedWebCredential.swift */,
				23FD6A1023F24DC000017C1C /* UserData.swift */,
				23FD6A1323F24DC000017C1C /* UserDataKeychain.swift */,
			);
			path = CredentialStorage;
			sourceTree = "<group>";
		};
		B79E0EE478047077548E632D /* Pods */ = {
			isa = PBXGroup;
			children = (
				DB96408318900099C54B052D /* Pods-JustGroceries.debug.xcconfig */,
				4F9107873AED9E61EC5A0076 /* Pods-JustGroceries.release.xcconfig */,
			);
			path = Pods;
			sourceTree = "<group>";
		};
		C405B16B668304EA96E42200 /* Frameworks */ = {
			isa = PBXGroup;
			children = (
				ACEED604202FC5393B0254BD /* libPods-JustGroceries.a */,
			);
			name = Frameworks;
			sourceTree = "<group>";
		};
/* End PBXGroup section */

/* Begin PBXNativeTarget section */
		2379C92923EC72A40094D6A8 /* JustGroceries */ = {
			isa = PBXNativeTarget;
			buildConfigurationList = 2379C93E23EC72A50094D6A8 /* Build configuration list for PBXNativeTarget "JustGroceries" */;
			buildPhases = (
				42E330B4362FA60EF0619FF1 /* [CP] Check Pods Manifest.lock */,
				2379C92623EC72A40094D6A8 /* Sources */,
				2379C92723EC72A40094D6A8 /* Frameworks */,
				2379C92823EC72A40094D6A8 /* Resources */,
				B370BA6BB932C08213F13005 /* [CP] Copy Pods Resources */,
			);
			buildRules = (
			);
			dependencies = (
			);
			name = JustGroceries;
			productName = JustGroceries;
			productReference = 2379C92A23EC72A40094D6A8 /* JustGroceries.app */;
			productType = "com.apple.product-type.application";
		};
/* End PBXNativeTarget section */

/* Begin PBXProject section */
		2379C92223EC72A40094D6A8 /* Project object */ = {
			isa = PBXProject;
			attributes = {
				LastSwiftUpdateCheck = 1130;
				LastUpgradeCheck = 1130;
				ORGANIZATIONNAME = "Paul Linck";
				TargetAttributes = {
					2379C92923EC72A40094D6A8 = {
						CreatedOnToolsVersion = 11.3.1;
					};
				};
			};
			buildConfigurationList = 2379C92523EC72A40094D6A8 /* Build configuration list for PBXProject "JustGroceries" */;
			compatibilityVersion = "Xcode 9.3";
			developmentRegion = en;
			hasScannedForEncodings = 0;
			knownRegions = (
				en,
				Base,
			);
			mainGroup = 2379C92123EC72A40094D6A8;
			productRefGroup = 2379C92B23EC72A40094D6A8 /* Products */;
			projectDirPath = "";
			projectRoot = "";
			targets = (
				2379C92923EC72A40094D6A8 /* JustGroceries */,
			);
		};
/* End PBXProject section */

/* Begin PBXResourcesBuildPhase section */
		2379C92823EC72A40094D6A8 /* Resources */ = {
			isa = PBXResourcesBuildPhase;
			buildActionMask = 2147483647;
			files = (
				2379C93A23EC72A50094D6A8 /* LaunchScreen.storyboard in Resources */,
				23DA193923EC7C0A0053BB9C /* GoogleService-Info.plist in Resources */,
				2379C93723EC72A50094D6A8 /* Preview Assets.xcassets in Resources */,
				23C7158B23ECDE2200BE1A9C /* Default-568h@2x.png in Resources */,
				2379C93423EC72A50094D6A8 /* Assets.xcassets in Resources */,
			);
			runOnlyForDeploymentPostprocessing = 0;
		};
/* End PBXResourcesBuildPhase section */

/* Begin PBXShellScriptBuildPhase section */
		42E330B4362FA60EF0619FF1 /* [CP] Check Pods Manifest.lock */ = {
			isa = PBXShellScriptBuildPhase;
			buildActionMask = 2147483647;
			files = (
			);
			inputFileListPaths = (
			);
			inputPaths = (
				"${PODS_PODFILE_DIR_PATH}/Podfile.lock",
				"${PODS_ROOT}/Manifest.lock",
			);
			name = "[CP] Check Pods Manifest.lock";
			outputFileListPaths = (
			);
			outputPaths = (
				"$(DERIVED_FILE_DIR)/Pods-JustGroceries-checkManifestLockResult.txt",
			);
			runOnlyForDeploymentPostprocessing = 0;
			shellPath = /bin/sh;
			shellScript = "diff \"${PODS_PODFILE_DIR_PATH}/Podfile.lock\" \"${PODS_ROOT}/Manifest.lock\" > /dev/null\nif [ $? != 0 ] ; then\n    # print error to STDERR\n    echo \"error: The sandbox is not in sync with the Podfile.lock. Run 'pod install' or update your CocoaPods installation.\" >&2\n    exit 1\nfi\n# This output is used by Xcode 'outputs' to avoid re-running this script phase.\necho \"SUCCESS\" > \"${SCRIPT_OUTPUT_FILE_0}\"\n";
			showEnvVarsInLog = 0;
		};
		B370BA6BB932C08213F13005 /* [CP] Copy Pods Resources */ = {
			isa = PBXShellScriptBuildPhase;
			buildActionMask = 2147483647;
			files = (
			);
			inputFileListPaths = (
				"${PODS_ROOT}/Target Support Files/Pods-JustGroceries/Pods-JustGroceries-resources-${CONFIGURATION}-input-files.xcfilelist",
			);
			name = "[CP] Copy Pods Resources";
			outputFileListPaths = (
				"${PODS_ROOT}/Target Support Files/Pods-JustGroceries/Pods-JustGroceries-resources-${CONFIGURATION}-output-files.xcfilelist",
			);
			runOnlyForDeploymentPostprocessing = 0;
			shellPath = /bin/sh;
			shellScript = "\"${PODS_ROOT}/Target Support Files/Pods-JustGroceries/Pods-JustGroceries-resources.sh\"\n";
			showEnvVarsInLog = 0;
		};
/* End PBXShellScriptBuildPhase section */

/* Begin PBXSourcesBuildPhase section */
		2379C92623EC72A40094D6A8 /* Sources */ = {
			isa = PBXSourcesBuildPhase;
			buildActionMask = 2147483647;
			files = (
				23A1507D23EF214700B9316E /* SignUp.swift in Sources */,
				23C7158D23ECE2D100BE1A9C /* LoginView.swift in Sources */,
				23C7158923EC9B6700BE1A9C /* FirebaseSession.swift in Sources */,
				23C7158723EC99C200BE1A9C /* User.swift in Sources */,
				23883F0A23F23DAF0037FC5C /* SigninWithAppleDelegates.swift in Sources */,
				23FD6A1723F24DC000017C1C /* UserDataKeychain.swift in Sources */,
				23FD6A1523F24DC000017C1C /* Keychain.swift in Sources */,
				2379C92E23EC72A40094D6A8 /* AppDelegate.swift in Sources */,
				2379C93023EC72A40094D6A8 /* SceneDelegate.swift in Sources */,
				23FD6A1623F24DC000017C1C /* SharedWebCredential.swift in Sources */,
				23883F0823F233ED0037FC5C /* SignInWithApple.swift in Sources */,
				23FD6A1B23F2550C00017C1C /* EnvironmentWindowKey.swift in Sources */,
				23FD6A1923F24E7B00017C1C /* WebApi.swift in Sources */,
				23FD6A1423F24DC000017C1C /* UserData.swift in Sources */,
				2379C93223EC72A40094D6A8 /* ContentView.swift in Sources */,
			);
			runOnlyForDeploymentPostprocessing = 0;
		};
/* End PBXSourcesBuildPhase section */

/* Begin PBXVariantGroup section */
		2379C93823EC72A50094D6A8 /* LaunchScreen.storyboard */ = {
			isa = PBXVariantGroup;
			children = (
				2379C93923EC72A50094D6A8 /* Base */,
			);
			name = LaunchScreen.storyboard;
			sourceTree = "<group>";
		};
/* End PBXVariantGroup section */

/* Begin XCBuildConfiguration section */
		2379C93C23EC72A50094D6A8 /* Debug */ = {
			isa = XCBuildConfiguration;
			buildSettings = {
				ALWAYS_SEARCH_USER_PATHS = NO;
				CLANG_ANALYZER_NONNULL = YES;
				CLANG_ANALYZER_NUMBER_OBJECT_CONVERSION = YES_AGGRESSIVE;
				CLANG_CXX_LANGUAGE_STANDARD = "gnu++14";
				CLANG_CXX_LIBRARY = "libc++";
				CLANG_ENABLE_MODULES = YES;
				CLANG_ENABLE_OBJC_ARC = YES;
				CLANG_ENABLE_OBJC_WEAK = YES;
				CLANG_WARN_BLOCK_CAPTURE_AUTORELEASING = YES;
				CLANG_WARN_BOOL_CONVERSION = YES;
				CLANG_WARN_COMMA = YES;
				CLANG_WARN_CONSTANT_CONVERSION = YES;
				CLANG_WARN_DEPRECATED_OBJC_IMPLEMENTATIONS = YES;
				CLANG_WARN_DIRECT_OBJC_ISA_USAGE = YES_ERROR;
				CLANG_WARN_DOCUMENTATION_COMMENTS = YES;
				CLANG_WARN_EMPTY_BODY = YES;
				CLANG_WARN_ENUM_CONVERSION = YES;
				CLANG_WARN_INFINITE_RECURSION = YES;
				CLANG_WARN_INT_CONVERSION = YES;
				CLANG_WARN_NON_LITERAL_NULL_CONVERSION = YES;
				CLANG_WARN_OBJC_IMPLICIT_RETAIN_SELF = YES;
				CLANG_WARN_OBJC_LITERAL_CONVERSION = YES;
				CLANG_WARN_OBJC_ROOT_CLASS = YES_ERROR;
				CLANG_WARN_RANGE_LOOP_ANALYSIS = YES;
				CLANG_WARN_STRICT_PROTOTYPES = YES;
				CLANG_WARN_SUSPICIOUS_MOVE = YES;
				CLANG_WARN_UNGUARDED_AVAILABILITY = YES_AGGRESSIVE;
				CLANG_WARN_UNREACHABLE_CODE = YES;
				CLANG_WARN__DUPLICATE_METHOD_MATCH = YES;
				COPY_PHASE_STRIP = NO;
				DEBUG_INFORMATION_FORMAT = dwarf;
				ENABLE_STRICT_OBJC_MSGSEND = YES;
				ENABLE_TESTABILITY = YES;
				GCC_C_LANGUAGE_STANDARD = gnu11;
				GCC_DYNAMIC_NO_PIC = NO;
				GCC_NO_COMMON_BLOCKS = YES;
				GCC_OPTIMIZATION_LEVEL = 0;
				GCC_PREPROCESSOR_DEFINITIONS = (
					"DEBUG=1",
					"$(inherited)",
				);
				GCC_WARN_64_TO_32_BIT_CONVERSION = YES;
				GCC_WARN_ABOUT_RETURN_TYPE = YES_ERROR;
				GCC_WARN_UNDECLARED_SELECTOR = YES;
				GCC_WARN_UNINITIALIZED_AUTOS = YES_AGGRESSIVE;
				GCC_WARN_UNUSED_FUNCTION = YES;
				GCC_WARN_UNUSED_VARIABLE = YES;
				IPHONEOS_DEPLOYMENT_TARGET = 13.2;
				MTL_ENABLE_DEBUG_INFO = INCLUDE_SOURCE;
				MTL_FAST_MATH = YES;
				ONLY_ACTIVE_ARCH = YES;
				SDKROOT = iphoneos;
				SWIFT_ACTIVE_COMPILATION_CONDITIONS = DEBUG;
				SWIFT_OPTIMIZATION_LEVEL = "-Onone";
			};
			name = Debug;
		};
		2379C93D23EC72A50094D6A8 /* Release */ = {
			isa = XCBuildConfiguration;
			buildSettings = {
				ALWAYS_SEARCH_USER_PATHS = NO;
				CLANG_ANALYZER_NONNULL = YES;
				CLANG_ANALYZER_NUMBER_OBJECT_CONVERSION = YES_AGGRESSIVE;
				CLANG_CXX_LANGUAGE_STANDARD = "gnu++14";
				CLANG_CXX_LIBRARY = "libc++";
				CLANG_ENABLE_MODULES = YES;
				CLANG_ENABLE_OBJC_ARC = YES;
				CLANG_ENABLE_OBJC_WEAK = YES;
				CLANG_WARN_BLOCK_CAPTURE_AUTORELEASING = YES;
				CLANG_WARN_BOOL_CONVERSION = YES;
				CLANG_WARN_COMMA = YES;
				CLANG_WARN_CONSTANT_CONVERSION = YES;
				CLANG_WARN_DEPRECATED_OBJC_IMPLEMENTATIONS = YES;
				CLANG_WARN_DIRECT_OBJC_ISA_USAGE = YES_ERROR;
				CLANG_WARN_DOCUMENTATION_COMMENTS = YES;
				CLANG_WARN_EMPTY_BODY = YES;
				CLANG_WARN_ENUM_CONVERSION = YES;
				CLANG_WARN_INFINITE_RECURSION = YES;
				CLANG_WARN_INT_CONVERSION = YES;
				CLANG_WARN_NON_LITERAL_NULL_CONVERSION = YES;
				CLANG_WARN_OBJC_IMPLICIT_RETAIN_SELF = YES;
				CLANG_WARN_OBJC_LITERAL_CONVERSION = YES;
				CLANG_WARN_OBJC_ROOT_CLASS = YES_ERROR;
				CLANG_WARN_RANGE_LOOP_ANALYSIS = YES;
				CLANG_WARN_STRICT_PROTOTYPES = YES;
				CLANG_WARN_SUSPICIOUS_MOVE = YES;
				CLANG_WARN_UNGUARDED_AVAILABILITY = YES_AGGRESSIVE;
				CLANG_WARN_UNREACHABLE_CODE = YES;
				CLANG_WARN__DUPLICATE_METHOD_MATCH = YES;
				COPY_PHASE_STRIP = NO;
				DEBUG_INFORMATION_FORMAT = "dwarf-with-dsym";
				ENABLE_NS_ASSERTIONS = NO;
				ENABLE_STRICT_OBJC_MSGSEND = YES;
				GCC_C_LANGUAGE_STANDARD = gnu11;
				GCC_NO_COMMON_BLOCKS = YES;
				GCC_WARN_64_TO_32_BIT_CONVERSION = YES;
				GCC_WARN_ABOUT_RETURN_TYPE = YES_ERROR;
				GCC_WARN_UNDECLARED_SELECTOR = YES;
				GCC_WARN_UNINITIALIZED_AUTOS = YES_AGGRESSIVE;
				GCC_WARN_UNUSED_FUNCTION = YES;
				GCC_WARN_UNUSED_VARIABLE = YES;
				IPHONEOS_DEPLOYMENT_TARGET = 13.2;
				MTL_ENABLE_DEBUG_INFO = NO;
				MTL_FAST_MATH = YES;
				SDKROOT = iphoneos;
				SWIFT_COMPILATION_MODE = wholemodule;
				SWIFT_OPTIMIZATION_LEVEL = "-O";
				VALIDATE_PRODUCT = YES;
			};
			name = Release;
		};
		2379C93F23EC72A50094D6A8 /* Debug */ = {
			isa = XCBuildConfiguration;
			baseConfigurationReference = DB96408318900099C54B052D /* Pods-JustGroceries.debug.xcconfig */;
			buildSettings = {
				ASSETCATALOG_COMPILER_APPICON_NAME = AppIcon;
				CODE_SIGN_ENTITLEMENTS = JustGroceries/JustGroceries.entitlements;
				CODE_SIGN_STYLE = Automatic;
				DEVELOPMENT_ASSET_PATHS = "\"JustGroceries/Preview Content\"";
				DEVELOPMENT_TEAM = 733J326MK6;
				ENABLE_PREVIEWS = YES;
				INFOPLIST_FILE = JustGroceries/Info.plist;
				LD_RUNPATH_SEARCH_PATHS = (
					"$(inherited)",
					"@executable_path/Frameworks",
				);
				PRODUCT_BUNDLE_IDENTIFIER = net.linck.justgroceries;
				PRODUCT_NAME = "$(TARGET_NAME)";
				SWIFT_VERSION = 5.0;
				TARGETED_DEVICE_FAMILY = "1,2";
			};
			name = Debug;
		};
		2379C94023EC72A50094D6A8 /* Release */ = {
			isa = XCBuildConfiguration;
			baseConfigurationReference = 4F9107873AED9E61EC5A0076 /* Pods-JustGroceries.release.xcconfig */;
			buildSettings = {
				ASSETCATALOG_COMPILER_APPICON_NAME = AppIcon;
				CODE_SIGN_ENTITLEMENTS = JustGroceries/JustGroceries.entitlements;
				CODE_SIGN_STYLE = Automatic;
				DEVELOPMENT_ASSET_PATHS = "\"JustGroceries/Preview Content\"";
				DEVELOPMENT_TEAM = 733J326MK6;
				ENABLE_PREVIEWS = YES;
				INFOPLIST_FILE = JustGroceries/Info.plist;
				LD_RUNPATH_SEARCH_PATHS = (
					"$(inherited)",
					"@executable_path/Frameworks",
				);
				PRODUCT_BUNDLE_IDENTIFIER = net.linck.justgroceries;
				PRODUCT_NAME = "$(TARGET_NAME)";
				SWIFT_VERSION = 5.0;
				TARGETED_DEVICE_FAMILY = "1,2";
			};
			name = Release;
		};
/* End XCBuildConfiguration section */

/* Begin XCConfigurationList section */
		2379C92523EC72A40094D6A8 /* Build configuration list for PBXProject "JustGroceries" */ = {
			isa = XCConfigurationList;
			buildConfigurations = (
				2379C93C23EC72A50094D6A8 /* Debug */,
				2379C93D23EC72A50094D6A8 /* Release */,
			);
			defaultConfigurationIsVisible = 0;
			defaultConfigurationName = Release;
		};
		2379C93E23EC72A50094D6A8 /* Build configuration list for PBXNativeTarget "JustGroceries" */ = {
			isa = XCConfigurationList;
			buildConfigurations = (
				2379C93F23EC72A50094D6A8 /* Debug */,
				2379C94023EC72A50094D6A8 /* Release */,
			);
			defaultConfigurationIsVisible = 0;
			defaultConfigurationName = Release;
		};
/* End XCConfigurationList section */
	};
	rootObject = 2379C92223EC72A40094D6A8 /* Project object */;
}
