// !$*UTF8*$!
{
	archiveVersion = 1;
	classes = {
	};
	objectVersion = 50;
	objects = {

/* Begin PBXBuildFile section */
		8EE4D44B9CC686540A14B97A /* libPods-JustGroceries.a in Frameworks */ = {isa = PBXBuildFile; fileRef = 53A3AF04833DC4A23603BEA3 /* libPods-JustGroceries.a */; };
		DA02E51021D68328002ADF22 /* LaunchScreen.storyboard in Resources */ = {isa = PBXBuildFile; fileRef = DA02E50F21D68328002ADF22 /* LaunchScreen.storyboard */; };
		DA02E51421D693E0002ADF22 /* README.md in Resources */ = {isa = PBXBuildFile; fileRef = DA02E51321D693E0002ADF22 /* README.md */; };
		DA6882B721D67C4A004955AD /* AppDelegate.swift in Sources */ = {isa = PBXBuildFile; fileRef = DA6882B621D67C4A004955AD /* AppDelegate.swift */; };
		DA6882BE21D67C4C004955AD /* Assets.xcassets in Resources */ = {isa = PBXBuildFile; fileRef = DA6882BD21D67C4C004955AD /* Assets.xcassets */; };
		DA6882CC21D67C4C004955AD /* JustGroceriesTests.swift in Sources */ = {isa = PBXBuildFile; fileRef = DA6882CB21D67C4C004955AD /* JustGroceriesTests.swift */; };
		DAAA9AD621D67E7600487F07 /* GoogleService-Info.plist in Resources */ = {isa = PBXBuildFile; fileRef = DAAA9AD521D67E7600487F07 /* GoogleService-Info.plist */; };
		DAAA9ADC21D6819600487F07 /* Sample.json in Resources */ = {isa = PBXBuildFile; fileRef = DAAA9ADB21D6819600487F07 /* Sample.json */; };
		DAAA9ADF21D681BB00487F07 /* User.swift in Sources */ = {isa = PBXBuildFile; fileRef = DAAA9ADD21D681BA00487F07 /* User.swift */; };
		DAAA9AE021D681BB00487F07 /* GroceryItem.swift in Sources */ = {isa = PBXBuildFile; fileRef = DAAA9ADE21D681BA00487F07 /* GroceryItem.swift */; };
		DAAA9AE421D681DA00487F07 /* OnlineUsersTableViewController.swift in Sources */ = {isa = PBXBuildFile; fileRef = DAAA9AE121D681D900487F07 /* OnlineUsersTableViewController.swift */; };
		DAAA9AE521D681DA00487F07 /* LoginViewController.swift in Sources */ = {isa = PBXBuildFile; fileRef = DAAA9AE221D681D900487F07 /* LoginViewController.swift */; };
		DAAA9AE621D681DA00487F07 /* GroceryListTableViewController.swift in Sources */ = {isa = PBXBuildFile; fileRef = DAAA9AE321D681DA00487F07 /* GroceryListTableViewController.swift */; };
		DAC64FB121D6968000BA336A /* Main.storyboard in Resources */ = {isa = PBXBuildFile; fileRef = DAC64FB021D6968000BA336A /* Main.storyboard */; };
		DAC64FBB21D69E3A00BA336A /* IMG_0766.jpg in Resources */ = {isa = PBXBuildFile; fileRef = DAC64FB521D69E3A00BA336A /* IMG_0766.jpg */; };
		DAC64FBC21D69E3A00BA336A /* IMG_0767.jpg in Resources */ = {isa = PBXBuildFile; fileRef = DAC64FB621D69E3A00BA336A /* IMG_0767.jpg */; };
		DAC64FBD21D69E3A00BA336A /* IMG_0765.jpg in Resources */ = {isa = PBXBuildFile; fileRef = DAC64FB721D69E3A00BA336A /* IMG_0765.jpg */; };
		DAC64FBE21D69E3A00BA336A /* IMG_0770.jpg in Resources */ = {isa = PBXBuildFile; fileRef = DAC64FB821D69E3A00BA336A /* IMG_0770.jpg */; };
		DAC64FBF21D69E3A00BA336A /* IMG_0769.jpg in Resources */ = {isa = PBXBuildFile; fileRef = DAC64FB921D69E3A00BA336A /* IMG_0769.jpg */; };
		DAC64FC021D69E3A00BA336A /* IMG_0768.jpg in Resources */ = {isa = PBXBuildFile; fileRef = DAC64FBA21D69E3A00BA336A /* IMG_0768.jpg */; };
/* End PBXBuildFile section */

/* Begin PBXContainerItemProxy section */
		DA6882C821D67C4C004955AD /* PBXContainerItemProxy */ = {
			isa = PBXContainerItemProxy;
			containerPortal = DA6882AB21D67C4A004955AD /* Project object */;
			proxyType = 1;
			remoteGlobalIDString = DA6882B221D67C4A004955AD;
			remoteInfo = JustGroceries;
		};
/* End PBXContainerItemProxy section */

/* Begin PBXFileReference section */
		09428A074E541D028D84D030 /* Pods-JustGroceries.debug.xcconfig */ = {isa = PBXFileReference; includeInIndex = 1; lastKnownFileType = text.xcconfig; name = "Pods-JustGroceries.debug.xcconfig"; path = "Pods/Target Support Files/Pods-JustGroceries/Pods-JustGroceries.debug.xcconfig"; sourceTree = "<group>"; };
		34D5782343AAC985E89702A4 /* Pods-JustGroceries.release.xcconfig */ = {isa = PBXFileReference; includeInIndex = 1; lastKnownFileType = text.xcconfig; name = "Pods-JustGroceries.release.xcconfig"; path = "Pods/Target Support Files/Pods-JustGroceries/Pods-JustGroceries.release.xcconfig"; sourceTree = "<group>"; };
		53A3AF04833DC4A23603BEA3 /* libPods-JustGroceries.a */ = {isa = PBXFileReference; explicitFileType = archive.ar; includeInIndex = 0; path = "libPods-JustGroceries.a"; sourceTree = BUILT_PRODUCTS_DIR; };
		DA02E50F21D68328002ADF22 /* LaunchScreen.storyboard */ = {isa = PBXFileReference; fileEncoding = 4; lastKnownFileType = file.storyboard; path = LaunchScreen.storyboard; sourceTree = "<group>"; };
		DA02E51321D693E0002ADF22 /* README.md */ = {isa = PBXFileReference; fileEncoding = 4; lastKnownFileType = net.daringfireball.markdown; path = README.md; sourceTree = SOURCE_ROOT; };
		DA6882B321D67C4A004955AD /* JustGroceries.app */ = {isa = PBXFileReference; explicitFileType = wrapper.application; includeInIndex = 0; path = JustGroceries.app; sourceTree = BUILT_PRODUCTS_DIR; };
		DA6882B621D67C4A004955AD /* AppDelegate.swift */ = {isa = PBXFileReference; lastKnownFileType = sourcecode.swift; path = AppDelegate.swift; sourceTree = "<group>"; };
		DA6882BD21D67C4C004955AD /* Assets.xcassets */ = {isa = PBXFileReference; lastKnownFileType = folder.assetcatalog; path = Assets.xcassets; sourceTree = "<group>"; };
		DA6882C221D67C4C004955AD /* Info.plist */ = {isa = PBXFileReference; lastKnownFileType = text.plist.xml; path = Info.plist; sourceTree = "<group>"; };
		DA6882C721D67C4C004955AD /* JustGroceriesTests.xctest */ = {isa = PBXFileReference; explicitFileType = wrapper.cfbundle; includeInIndex = 0; path = JustGroceriesTests.xctest; sourceTree = BUILT_PRODUCTS_DIR; };
		DA6882CB21D67C4C004955AD /* JustGroceriesTests.swift */ = {isa = PBXFileReference; lastKnownFileType = sourcecode.swift; path = JustGroceriesTests.swift; sourceTree = "<group>"; };
		DA6882CD21D67C4C004955AD /* Info.plist */ = {isa = PBXFileReference; lastKnownFileType = text.plist.xml; path = Info.plist; sourceTree = "<group>"; };
		DAAA9AD521D67E7600487F07 /* GoogleService-Info.plist */ = {isa = PBXFileReference; fileEncoding = 4; lastKnownFileType = text.plist.xml; path = "GoogleService-Info.plist"; sourceTree = "<group>"; };
		DAAA9ADB21D6819600487F07 /* Sample.json */ = {isa = PBXFileReference; fileEncoding = 4; lastKnownFileType = text.json; path = Sample.json; sourceTree = "<group>"; };
		DAAA9ADD21D681BA00487F07 /* User.swift */ = {isa = PBXFileReference; fileEncoding = 4; lastKnownFileType = sourcecode.swift; path = User.swift; sourceTree = "<group>"; };
		DAAA9ADE21D681BA00487F07 /* GroceryItem.swift */ = {isa = PBXFileReference; fileEncoding = 4; lastKnownFileType = sourcecode.swift; path = GroceryItem.swift; sourceTree = "<group>"; };
		DAAA9AE121D681D900487F07 /* OnlineUsersTableViewController.swift */ = {isa = PBXFileReference; fileEncoding = 4; lastKnownFileType = sourcecode.swift; path = OnlineUsersTableViewController.swift; sourceTree = "<group>"; };
		DAAA9AE221D681D900487F07 /* LoginViewController.swift */ = {isa = PBXFileReference; fileEncoding = 4; lastKnownFileType = sourcecode.swift; path = LoginViewController.swift; sourceTree = "<group>"; };
		DAAA9AE321D681DA00487F07 /* GroceryListTableViewController.swift */ = {isa = PBXFileReference; fileEncoding = 4; lastKnownFileType = sourcecode.swift; path = GroceryListTableViewController.swift; sourceTree = "<group>"; };
		DAC64FB021D6968000BA336A /* Main.storyboard */ = {isa = PBXFileReference; fileEncoding = 4; lastKnownFileType = file.storyboard; path = Main.storyboard; sourceTree = "<group>"; };
		DAC64FB521D69E3A00BA336A /* IMG_0766.jpg */ = {isa = PBXFileReference; lastKnownFileType = image.jpeg; path = IMG_0766.jpg; sourceTree = "<group>"; };
		DAC64FB621D69E3A00BA336A /* IMG_0767.jpg */ = {isa = PBXFileReference; lastKnownFileType = image.jpeg; path = IMG_0767.jpg; sourceTree = "<group>"; };
		DAC64FB721D69E3A00BA336A /* IMG_0765.jpg */ = {isa = PBXFileReference; lastKnownFileType = image.jpeg; path = IMG_0765.jpg; sourceTree = "<group>"; };
		DAC64FB821D69E3A00BA336A /* IMG_0770.jpg */ = {isa = PBXFileReference; lastKnownFileType = image.jpeg; path = IMG_0770.jpg; sourceTree = "<group>"; };
		DAC64FB921D69E3A00BA336A /* IMG_0769.jpg */ = {isa = PBXFileReference; lastKnownFileType = image.jpeg; path = IMG_0769.jpg; sourceTree = "<group>"; };
		DAC64FBA21D69E3A00BA336A /* IMG_0768.jpg */ = {isa = PBXFileReference; lastKnownFileType = image.jpeg; path = IMG_0768.jpg; sourceTree = "<group>"; };
		DAC64FC121D6C4BC00BA336A /* JustGroceries.entitlements */ = {isa = PBXFileReference; lastKnownFileType = text.plist.entitlements; path = JustGroceries.entitlements; sourceTree = "<group>"; };
/* End PBXFileReference section */

/* Begin PBXFrameworksBuildPhase section */
		DA6882B021D67C4A004955AD /* Frameworks */ = {
			isa = PBXFrameworksBuildPhase;
			buildActionMask = 2147483647;
			files = (
				8EE4D44B9CC686540A14B97A /* libPods-JustGroceries.a in Frameworks */,
			);
			runOnlyForDeploymentPostprocessing = 0;
		};
		DA6882C421D67C4C004955AD /* Frameworks */ = {
			isa = PBXFrameworksBuildPhase;
			buildActionMask = 2147483647;
			files = (
			);
			runOnlyForDeploymentPostprocessing = 0;
		};
/* End PBXFrameworksBuildPhase section */

/* Begin PBXGroup section */
		35C18ACEAFD813280F048C8B /* Pods */ = {
			isa = PBXGroup;
			children = (
				09428A074E541D028D84D030 /* Pods-JustGroceries.debug.xcconfig */,
				34D5782343AAC985E89702A4 /* Pods-JustGroceries.release.xcconfig */,
			);
			name = Pods;
			sourceTree = "<group>";
		};
		56E9311EA971343F280DB198 /* Frameworks */ = {
			isa = PBXGroup;
			children = (
				53A3AF04833DC4A23603BEA3 /* libPods-JustGroceries.a */,
			);
			name = Frameworks;
			sourceTree = "<group>";
		};
		DA6882AA21D67C4A004955AD = {
			isa = PBXGroup;
			children = (
				DA6882B521D67C4A004955AD /* JustGroceries */,
				DA6882CA21D67C4C004955AD /* JustGroceriesTests */,
				DA6882B421D67C4A004955AD /* Products */,
				35C18ACEAFD813280F048C8B /* Pods */,
				56E9311EA971343F280DB198 /* Frameworks */,
			);
			sourceTree = "<group>";
		};
		DA6882B421D67C4A004955AD /* Products */ = {
			isa = PBXGroup;
			children = (
				DA6882B321D67C4A004955AD /* JustGroceries.app */,
				DA6882C721D67C4C004955AD /* JustGroceriesTests.xctest */,
			);
			name = Products;
			sourceTree = "<group>";
		};
		DA6882B521D67C4A004955AD /* JustGroceries */ = {
			isa = PBXGroup;
			children = (
				DAC64FC121D6C4BC00BA336A /* JustGroceries.entitlements */,
				DA02E51321D693E0002ADF22 /* README.md */,
				DAAA9AD821D67F4F00487F07 /* Views */,
				DAAA9AD721D67F3200487F07 /* ViewControllers */,
				DAAA9ADA21D67FB000487F07 /* Models */,
				DAAA9AD921D67F9600487F07 /* JSON */,
				DAC64FB421D69E3A00BA336A /* images */,
				DA6882B621D67C4A004955AD /* AppDelegate.swift */,
				DA6882BD21D67C4C004955AD /* Assets.xcassets */,
				DA6882C221D67C4C004955AD /* Info.plist */,
				DAAA9AD521D67E7600487F07 /* GoogleService-Info.plist */,
			);
			path = JustGroceries;
			sourceTree = "<group>";
		};
		DA6882CA21D67C4C004955AD /* JustGroceriesTests */ = {
			isa = PBXGroup;
			children = (
				DA6882CB21D67C4C004955AD /* JustGroceriesTests.swift */,
				DA6882CD21D67C4C004955AD /* Info.plist */,
			);
			path = JustGroceriesTests;
			sourceTree = "<group>";
		};
		DAAA9AD721D67F3200487F07 /* ViewControllers */ = {
			isa = PBXGroup;
			children = (
				DAAA9AE321D681DA00487F07 /* GroceryListTableViewController.swift */,
				DAAA9AE221D681D900487F07 /* LoginViewController.swift */,
				DAAA9AE121D681D900487F07 /* OnlineUsersTableViewController.swift */,
			);
			path = ViewControllers;
			sourceTree = "<group>";
		};
		DAAA9AD821D67F4F00487F07 /* Views */ = {
			isa = PBXGroup;
			children = (
				DA02E50F21D68328002ADF22 /* LaunchScreen.storyboard */,
				DAC64FB021D6968000BA336A /* Main.storyboard */,
			);
			path = Views;
			sourceTree = "<group>";
		};
		DAAA9AD921D67F9600487F07 /* JSON */ = {
			isa = PBXGroup;
			children = (
				DAAA9ADB21D6819600487F07 /* Sample.json */,
			);
			path = JSON;
			sourceTree = "<group>";
		};
		DAAA9ADA21D67FB000487F07 /* Models */ = {
			isa = PBXGroup;
			children = (
				DAAA9ADE21D681BA00487F07 /* GroceryItem.swift */,
				DAAA9ADD21D681BA00487F07 /* User.swift */,
			);
			path = Models;
			sourceTree = "<group>";
		};
		DAC64FB421D69E3A00BA336A /* images */ = {
			isa = PBXGroup;
			children = (
				DAC64FB521D69E3A00BA336A /* IMG_0766.jpg */,
				DAC64FB621D69E3A00BA336A /* IMG_0767.jpg */,
				DAC64FB721D69E3A00BA336A /* IMG_0765.jpg */,
				DAC64FB821D69E3A00BA336A /* IMG_0770.jpg */,
				DAC64FB921D69E3A00BA336A /* IMG_0769.jpg */,
				DAC64FBA21D69E3A00BA336A /* IMG_0768.jpg */,
			);
			path = images;
			sourceTree = "<group>";
		};
/* End PBXGroup section */

/* Begin PBXNativeTarget section */
		DA6882B221D67C4A004955AD /* JustGroceries */ = {
			isa = PBXNativeTarget;
			buildConfigurationList = DA6882D021D67C4C004955AD /* Build configuration list for PBXNativeTarget "JustGroceries" */;
			buildPhases = (
				5E267E779CA391D18871358E /* [CP] Check Pods Manifest.lock */,
				DA6882AF21D67C4A004955AD /* Sources */,
				DA6882B021D67C4A004955AD /* Frameworks */,
				DA6882B121D67C4A004955AD /* Resources */,
			);
			buildRules = (
			);
			dependencies = (
			);
			name = JustGroceries;
			productName = JustGroceries;
			productReference = DA6882B321D67C4A004955AD /* JustGroceries.app */;
			productType = "com.apple.product-type.application";
		};
		DA6882C621D67C4C004955AD /* JustGroceriesTests */ = {
			isa = PBXNativeTarget;
			buildConfigurationList = DA6882D321D67C4C004955AD /* Build configuration list for PBXNativeTarget "JustGroceriesTests" */;
			buildPhases = (
				DA6882C321D67C4C004955AD /* Sources */,
				DA6882C421D67C4C004955AD /* Frameworks */,
				DA6882C521D67C4C004955AD /* Resources */,
			);
			buildRules = (
			);
			dependencies = (
				DA6882C921D67C4C004955AD /* PBXTargetDependency */,
			);
			name = JustGroceriesTests;
			productName = JustGroceriesTests;
			productReference = DA6882C721D67C4C004955AD /* JustGroceriesTests.xctest */;
			productType = "com.apple.product-type.bundle.unit-test";
		};
/* End PBXNativeTarget section */

/* Begin PBXProject section */
		DA6882AB21D67C4A004955AD /* Project object */ = {
			isa = PBXProject;
			attributes = {
				LastSwiftUpdateCheck = 1010;
				LastUpgradeCheck = 1010;
				ORGANIZATIONNAME = "Paul Linck";
				TargetAttributes = {
					DA6882B221D67C4A004955AD = {
						CreatedOnToolsVersion = 10.1;
						SystemCapabilities = {
							com.apple.Keychain = {
								enabled = 1;
							};
						};
					};
					DA6882C621D67C4C004955AD = {
						CreatedOnToolsVersion = 10.1;
						TestTargetID = DA6882B221D67C4A004955AD;
					};
				};
			};
			buildConfigurationList = DA6882AE21D67C4A004955AD /* Build configuration list for PBXProject "JustGroceries" */;
			compatibilityVersion = "Xcode 9.3";
			developmentRegion = en;
			hasScannedForEncodings = 0;
			knownRegions = (
				en,
				Base,
			);
			mainGroup = DA6882AA21D67C4A004955AD;
			productRefGroup = DA6882B421D67C4A004955AD /* Products */;
			projectDirPath = "";
			projectRoot = "";
			targets = (
				DA6882B221D67C4A004955AD /* JustGroceries */,
				DA6882C621D67C4C004955AD /* JustGroceriesTests */,
			);
		};
/* End PBXProject section */

/* Begin PBXResourcesBuildPhase section */
		DA6882B121D67C4A004955AD /* Resources */ = {
			isa = PBXResourcesBuildPhase;
			buildActionMask = 2147483647;
			files = (
				DAC64FB121D6968000BA336A /* Main.storyboard in Resources */,
				DAC64FBF21D69E3A00BA336A /* IMG_0769.jpg in Resources */,
				DAC64FBE21D69E3A00BA336A /* IMG_0770.jpg in Resources */,
				DA02E51421D693E0002ADF22 /* README.md in Resources */,
				DAC64FC021D69E3A00BA336A /* IMG_0768.jpg in Resources */,
				DAAA9ADC21D6819600487F07 /* Sample.json in Resources */,
				DAC64FBC21D69E3A00BA336A /* IMG_0767.jpg in Resources */,
				DAC64FBD21D69E3A00BA336A /* IMG_0765.jpg in Resources */,
				DAC64FBB21D69E3A00BA336A /* IMG_0766.jpg in Resources */,
				DAAA9AD621D67E7600487F07 /* GoogleService-Info.plist in Resources */,
				DA6882BE21D67C4C004955AD /* Assets.xcassets in Resources */,
				DA02E51021D68328002ADF22 /* LaunchScreen.storyboard in Resources */,
			);
			runOnlyForDeploymentPostprocessing = 0;
		};
		DA6882C521D67C4C004955AD /* Resources */ = {
			isa = PBXResourcesBuildPhase;
			buildActionMask = 2147483647;
			files = (
			);
			runOnlyForDeploymentPostprocessing = 0;
		};
/* End PBXResourcesBuildPhase section */

/* Begin PBXShellScriptBuildPhase section */
		5E267E779CA391D18871358E /* [CP] Check Pods Manifest.lock */ = {
			isa = PBXShellScriptBuildPhase;
			buildActionMask = 2147483647;
			files = (
			);
			inputFileListPaths = (
			);
			inputPaths = (
				"${PODS_PODFILE_DIR_PATH}/Podfile.lock",
				"${PODS_ROOT}/Manifest.lock",
			);
			name = "[CP] Check Pods Manifest.lock";
			outputFileListPaths = (
			);
			outputPaths = (
				"$(DERIVED_FILE_DIR)/Pods-JustGroceries-checkManifestLockResult.txt",
			);
			runOnlyForDeploymentPostprocessing = 0;
			shellPath = /bin/sh;
			shellScript = "diff \"${PODS_PODFILE_DIR_PATH}/Podfile.lock\" \"${PODS_ROOT}/Manifest.lock\" > /dev/null\nif [ $? != 0 ] ; then\n    # print error to STDERR\n    echo \"error: The sandbox is not in sync with the Podfile.lock. Run 'pod install' or update your CocoaPods installation.\" >&2\n    exit 1\nfi\n# This output is used by Xcode 'outputs' to avoid re-running this script phase.\necho \"SUCCESS\" > \"${SCRIPT_OUTPUT_FILE_0}\"\n";
			showEnvVarsInLog = 0;
		};
/* End PBXShellScriptBuildPhase section */

/* Begin PBXSourcesBuildPhase section */
		DA6882AF21D67C4A004955AD /* Sources */ = {
			isa = PBXSourcesBuildPhase;
			buildActionMask = 2147483647;
			files = (
				DAAA9AE521D681DA00487F07 /* LoginViewController.swift in Sources */,
				DAAA9AE421D681DA00487F07 /* OnlineUsersTableViewController.swift in Sources */,
				DA6882B721D67C4A004955AD /* AppDelegate.swift in Sources */,
				DAAA9AE621D681DA00487F07 /* GroceryListTableViewController.swift in Sources */,
				DAAA9AE021D681BB00487F07 /* GroceryItem.swift in Sources */,
				DAAA9ADF21D681BB00487F07 /* User.swift in Sources */,
			);
			runOnlyForDeploymentPostprocessing = 0;
		};
		DA6882C321D67C4C004955AD /* Sources */ = {
			isa = PBXSourcesBuildPhase;
			buildActionMask = 2147483647;
			files = (
				DA6882CC21D67C4C004955AD /* JustGroceriesTests.swift in Sources */,
			);
			runOnlyForDeploymentPostprocessing = 0;
		};
/* End PBXSourcesBuildPhase section */

/* Begin PBXTargetDependency section */
		DA6882C921D67C4C004955AD /* PBXTargetDependency */ = {
			isa = PBXTargetDependency;
			target = DA6882B221D67C4A004955AD /* JustGroceries */;
			targetProxy = DA6882C821D67C4C004955AD /* PBXContainerItemProxy */;
		};
/* End PBXTargetDependency section */

/* Begin XCBuildConfiguration section */
		DA6882CE21D67C4C004955AD /* Debug */ = {
			isa = XCBuildConfiguration;
			buildSettings = {
				ALWAYS_SEARCH_USER_PATHS = NO;
				CLANG_ANALYZER_NONNULL = YES;
				CLANG_ANALYZER_NUMBER_OBJECT_CONVERSION = YES_AGGRESSIVE;
				CLANG_CXX_LANGUAGE_STANDARD = "gnu++14";
				CLANG_CXX_LIBRARY = "libc++";
				CLANG_ENABLE_MODULES = YES;
				CLANG_ENABLE_OBJC_ARC = YES;
				CLANG_ENABLE_OBJC_WEAK = YES;
				CLANG_WARN_BLOCK_CAPTURE_AUTORELEASING = YES;
				CLANG_WARN_BOOL_CONVERSION = YES;
				CLANG_WARN_COMMA = YES;
				CLANG_WARN_CONSTANT_CONVERSION = YES;
				CLANG_WARN_DEPRECATED_OBJC_IMPLEMENTATIONS = YES;
				CLANG_WARN_DIRECT_OBJC_ISA_USAGE = YES_ERROR;
				CLANG_WARN_DOCUMENTATION_COMMENTS = YES;
				CLANG_WARN_EMPTY_BODY = YES;
				CLANG_WARN_ENUM_CONVERSION = YES;
				CLANG_WARN_INFINITE_RECURSION = YES;
				CLANG_WARN_INT_CONVERSION = YES;
				CLANG_WARN_NON_LITERAL_NULL_CONVERSION = YES;
				CLANG_WARN_OBJC_IMPLICIT_RETAIN_SELF = YES;
				CLANG_WARN_OBJC_LITERAL_CONVERSION = YES;
				CLANG_WARN_OBJC_ROOT_CLASS = YES_ERROR;
				CLANG_WARN_RANGE_LOOP_ANALYSIS = YES;
				CLANG_WARN_STRICT_PROTOTYPES = YES;
				CLANG_WARN_SUSPICIOUS_MOVE = YES;
				CLANG_WARN_UNGUARDED_AVAILABILITY = YES_AGGRESSIVE;
				CLANG_WARN_UNREACHABLE_CODE = YES;
				CLANG_WARN__DUPLICATE_METHOD_MATCH = YES;
				CODE_SIGN_IDENTITY = "iPhone Developer";
				COPY_PHASE_STRIP = NO;
				DEBUG_INFORMATION_FORMAT = dwarf;
				ENABLE_STRICT_OBJC_MSGSEND = YES;
				ENABLE_TESTABILITY = YES;
				GCC_C_LANGUAGE_STANDARD = gnu11;
				GCC_DYNAMIC_NO_PIC = NO;
				GCC_NO_COMMON_BLOCKS = YES;
				GCC_OPTIMIZATION_LEVEL = 0;
				GCC_PREPROCESSOR_DEFINITIONS = (
					"DEBUG=1",
					"$(inherited)",
				);
				GCC_WARN_64_TO_32_BIT_CONVERSION = YES;
				GCC_WARN_ABOUT_RETURN_TYPE = YES_ERROR;
				GCC_WARN_UNDECLARED_SELECTOR = YES;
				GCC_WARN_UNINITIALIZED_AUTOS = YES_AGGRESSIVE;
				GCC_WARN_UNUSED_FUNCTION = YES;
				GCC_WARN_UNUSED_VARIABLE = YES;
				IPHONEOS_DEPLOYMENT_TARGET = 12.1;
				MTL_ENABLE_DEBUG_INFO = INCLUDE_SOURCE;
				MTL_FAST_MATH = YES;
				ONLY_ACTIVE_ARCH = YES;
				SDKROOT = iphoneos;
				SWIFT_ACTIVE_COMPILATION_CONDITIONS = DEBUG;
				SWIFT_OPTIMIZATION_LEVEL = "-Onone";
			};
			name = Debug;
		};
		DA6882CF21D67C4C004955AD /* Release */ = {
			isa = XCBuildConfiguration;
			buildSettings = {
				ALWAYS_SEARCH_USER_PATHS = NO;
				CLANG_ANALYZER_NONNULL = YES;
				CLANG_ANALYZER_NUMBER_OBJECT_CONVERSION = YES_AGGRESSIVE;
				CLANG_CXX_LANGUAGE_STANDARD = "gnu++14";
				CLANG_CXX_LIBRARY = "libc++";
				CLANG_ENABLE_MODULES = YES;
				CLANG_ENABLE_OBJC_ARC = YES;
				CLANG_ENABLE_OBJC_WEAK = YES;
				CLANG_WARN_BLOCK_CAPTURE_AUTORELEASING = YES;
				CLANG_WARN_BOOL_CONVERSION = YES;
				CLANG_WARN_COMMA = YES;
				CLANG_WARN_CONSTANT_CONVERSION = YES;
				CLANG_WARN_DEPRECATED_OBJC_IMPLEMENTATIONS = YES;
				CLANG_WARN_DIRECT_OBJC_ISA_USAGE = YES_ERROR;
				CLANG_WARN_DOCUMENTATION_COMMENTS = YES;
				CLANG_WARN_EMPTY_BODY = YES;
				CLANG_WARN_ENUM_CONVERSION = YES;
				CLANG_WARN_INFINITE_RECURSION = YES;
				CLANG_WARN_INT_CONVERSION = YES;
				CLANG_WARN_NON_LITERAL_NULL_CONVERSION = YES;
				CLANG_WARN_OBJC_IMPLICIT_RETAIN_SELF = YES;
				CLANG_WARN_OBJC_LITERAL_CONVERSION = YES;
				CLANG_WARN_OBJC_ROOT_CLASS = YES_ERROR;
				CLANG_WARN_RANGE_LOOP_ANALYSIS = YES;
				CLANG_WARN_STRICT_PROTOTYPES = YES;
				CLANG_WARN_SUSPICIOUS_MOVE = YES;
				CLANG_WARN_UNGUARDED_AVAILABILITY = YES_AGGRESSIVE;
				CLANG_WARN_UNREACHABLE_CODE = YES;
				CLANG_WARN__DUPLICATE_METHOD_MATCH = YES;
				CODE_SIGN_IDENTITY = "iPhone Developer";
				COPY_PHASE_STRIP = NO;
				DEBUG_INFORMATION_FORMAT = "dwarf-with-dsym";
				ENABLE_NS_ASSERTIONS = NO;
				ENABLE_STRICT_OBJC_MSGSEND = YES;
				GCC_C_LANGUAGE_STANDARD = gnu11;
				GCC_NO_COMMON_BLOCKS = YES;
				GCC_WARN_64_TO_32_BIT_CONVERSION = YES;
				GCC_WARN_ABOUT_RETURN_TYPE = YES_ERROR;
				GCC_WARN_UNDECLARED_SELECTOR = YES;
				GCC_WARN_UNINITIALIZED_AUTOS = YES_AGGRESSIVE;
				GCC_WARN_UNUSED_FUNCTION = YES;
				GCC_WARN_UNUSED_VARIABLE = YES;
				IPHONEOS_DEPLOYMENT_TARGET = 12.1;
				MTL_ENABLE_DEBUG_INFO = NO;
				MTL_FAST_MATH = YES;
				SDKROOT = iphoneos;
				SWIFT_COMPILATION_MODE = wholemodule;
				SWIFT_OPTIMIZATION_LEVEL = "-O";
				VALIDATE_PRODUCT = YES;
			};
			name = Release;
		};
		DA6882D121D67C4C004955AD /* Debug */ = {
			isa = XCBuildConfiguration;
			baseConfigurationReference = 09428A074E541D028D84D030 /* Pods-JustGroceries.debug.xcconfig */;
			buildSettings = {
				ASSETCATALOG_COMPILER_APPICON_NAME = AppIcon;
				CODE_SIGN_ENTITLEMENTS = JustGroceries/JustGroceries.entitlements;
				CODE_SIGN_STYLE = Automatic;
				DEVELOPMENT_TEAM = 733J326MK6;
				INFOPLIST_FILE = JustGroceries/Info.plist;
				LD_RUNPATH_SEARCH_PATHS = (
					"$(inherited)",
					"@executable_path/Frameworks",
				);
				PRODUCT_BUNDLE_IDENTIFIER = net.linck.JustGroceries;
				PRODUCT_NAME = "$(TARGET_NAME)";
				SWIFT_VERSION = 4.2;
				TARGETED_DEVICE_FAMILY = "1,2";
			};
			name = Debug;
		};
		DA6882D221D67C4C004955AD /* Release */ = {
			isa = XCBuildConfiguration;
			baseConfigurationReference = 34D5782343AAC985E89702A4 /* Pods-JustGroceries.release.xcconfig */;
			buildSettings = {
				ASSETCATALOG_COMPILER_APPICON_NAME = AppIcon;
				CODE_SIGN_ENTITLEMENTS = JustGroceries/JustGroceries.entitlements;
				CODE_SIGN_STYLE = Automatic;
				DEVELOPMENT_TEAM = 733J326MK6;
				INFOPLIST_FILE = JustGroceries/Info.plist;
				LD_RUNPATH_SEARCH_PATHS = (
					"$(inherited)",
					"@executable_path/Frameworks",
				);
				PRODUCT_BUNDLE_IDENTIFIER = net.linck.JustGroceries;
				PRODUCT_NAME = "$(TARGET_NAME)";
				SWIFT_VERSION = 4.2;
				TARGETED_DEVICE_FAMILY = "1,2";
			};
			name = Release;
		};
		DA6882D421D67C4C004955AD /* Debug */ = {
			isa = XCBuildConfiguration;
			buildSettings = {
				ALWAYS_EMBED_SWIFT_STANDARD_LIBRARIES = YES;
				BUNDLE_LOADER = "$(TEST_HOST)";
				CODE_SIGN_STYLE = Automatic;
				DEVELOPMENT_TEAM = 733J326MK6;
				INFOPLIST_FILE = JustGroceriesTests/Info.plist;
				LD_RUNPATH_SEARCH_PATHS = (
					"$(inherited)",
					"@executable_path/Frameworks",
					"@loader_path/Frameworks",
				);
				PRODUCT_BUNDLE_IDENTIFIER = net.linck.JustGroceriesTests;
				PRODUCT_NAME = "$(TARGET_NAME)";
				SWIFT_VERSION = 4.2;
				TARGETED_DEVICE_FAMILY = "1,2";
				TEST_HOST = "$(BUILT_PRODUCTS_DIR)/JustGroceries.app/JustGroceries";
			};
			name = Debug;
		};
		DA6882D521D67C4C004955AD /* Release */ = {
			isa = XCBuildConfiguration;
			buildSettings = {
				ALWAYS_EMBED_SWIFT_STANDARD_LIBRARIES = YES;
				BUNDLE_LOADER = "$(TEST_HOST)";
				CODE_SIGN_STYLE = Automatic;
				DEVELOPMENT_TEAM = 733J326MK6;
				INFOPLIST_FILE = JustGroceriesTests/Info.plist;
				LD_RUNPATH_SEARCH_PATHS = (
					"$(inherited)",
					"@executable_path/Frameworks",
					"@loader_path/Frameworks",
				);
				PRODUCT_BUNDLE_IDENTIFIER = net.linck.JustGroceriesTests;
				PRODUCT_NAME = "$(TARGET_NAME)";
				SWIFT_VERSION = 4.2;
				TARGETED_DEVICE_FAMILY = "1,2";
				TEST_HOST = "$(BUILT_PRODUCTS_DIR)/JustGroceries.app/JustGroceries";
			};
			name = Release;
		};
/* End XCBuildConfiguration section */

/* Begin XCConfigurationList section */
		DA6882AE21D67C4A004955AD /* Build configuration list for PBXProject "JustGroceries" */ = {
			isa = XCConfigurationList;
			buildConfigurations = (
				DA6882CE21D67C4C004955AD /* Debug */,
				DA6882CF21D67C4C004955AD /* Release */,
			);
			defaultConfigurationIsVisible = 0;
			defaultConfigurationName = Release;
		};
		DA6882D021D67C4C004955AD /* Build configuration list for PBXNativeTarget "JustGroceries" */ = {
			isa = XCConfigurationList;
			buildConfigurations = (
				DA6882D121D67C4C004955AD /* Debug */,
				DA6882D221D67C4C004955AD /* Release */,
			);
			defaultConfigurationIsVisible = 0;
			defaultConfigurationName = Release;
		};
		DA6882D321D67C4C004955AD /* Build configuration list for PBXNativeTarget "JustGroceriesTests" */ = {
			isa = XCConfigurationList;
			buildConfigurations = (
				DA6882D421D67C4C004955AD /* Debug */,
				DA6882D521D67C4C004955AD /* Release */,
			);
			defaultConfigurationIsVisible = 0;
			defaultConfigurationName = Release;
		};
/* End XCConfigurationList section */
	};
	rootObject = DA6882AB21D67C4A004955AD /* Project object */;
}
